{
  "lockfile_version": "1",
  "packages": {
    "awscli2@2.17.18": {
      "last_modified": "2024-08-31T10:12:23Z",
      "resolved": "github:NixOS/nixpkgs/5629520edecb69630a3f4d17d3d33fc96c13f6fe#awscli2",
      "source": "devbox-search",
      "version": "2.17.18",
      "systems": {
        "aarch64-darwin": {
          "outputs": [
            {
              "name": "out",
              "path": "/nix/store/hvs7mw7ydibmkgqj9cax28afq9q659ac-awscli2-2.17.18",
              "default": true
            },
            {
              "name": "dist",
              "path": "/nix/store/klal5g2c3lky3005q36z2gszg8391vmz-awscli2-2.17.18-dist"
            }
          ],
          "store_path": "/nix/store/hvs7mw7ydibmkgqj9cax28afq9q659ac-awscli2-2.17.18"
        },
        "aarch64-linux": {
          "outputs": [
            {
              "name": "out",
              "path": "/nix/store/cwpgbw0n3xgyiyhq8znvssgp0wahr87y-awscli2-2.17.18",
              "default": true
            },
            {
              "name": "dist",
              "path": "/nix/store/xxhv5n4aw9f3j5d40vhwm5lwykp0kiry-awscli2-2.17.18-dist"
            }
          ],
          "store_path": "/nix/store/cwpgbw0n3xgyiyhq8znvssgp0wahr87y-awscli2-2.17.18"
        },
        "x86_64-darwin": {
          "outputs": [
            {
              "name": "out",
              "path": "/nix/store/3i232jcyx7fkwxf66gg7jwd8iaif5l18-awscli2-2.17.18",
              "default": true
            },
            {
              "name": "dist",
              "path": "/nix/store/352rsi4yzjfq67g2ahnsq3mxwf6h2ga7-awscli2-2.17.18-dist"
            }
          ],
          "store_path": "/nix/store/3i232jcyx7fkwxf66gg7jwd8iaif5l18-awscli2-2.17.18"
        },
        "x86_64-linux": {
          "outputs": [
            {
              "name": "out",
              "path": "/nix/store/p87s421lk4nqw0irskh1dazbc3j0x5y2-awscli2-2.17.18",
              "default": true
            },
            {
              "name": "dist",
              "path": "/nix/store/3i9g97rwbmqiw0bmfimgsv6pyzdky14b-awscli2-2.17.18-dist"
            }
          ],
          "store_path": "/nix/store/p87s421lk4nqw0irskh1dazbc3j0x5y2-awscli2-2.17.18"
        }
      }
    },
    "bat@0.24.0": {
      "last_modified": "2024-09-10T15:01:03Z",
      "resolved": "github:NixOS/nixpkgs/5ed627539ac84809c78b2dd6d26a5cebeb5ae269#bat",
      "source": "devbox-search",
      "version": "0.24.0",
      "systems": {
        "aarch64-darwin": {
          "outputs": [
            {
              "name": "out",
              "path": "/nix/store/bfzdasz5vzdf2l9c79g7s3a0f87bldlw-bat-0.24.0",
              "default": true
            }
          ],
          "store_path": "/nix/store/bfzdasz5vzdf2l9c79g7s3a0f87bldlw-bat-0.24.0"
        },
        "aarch64-linux": {
          "outputs": [
            {
              "name": "out",
              "path": "/nix/store/zw5s1h2ac8qfzl07m9dxdw8bf8vyh2nm-bat-0.24.0",
              "default": true
            }
          ],
          "store_path": "/nix/store/zw5s1h2ac8qfzl07m9dxdw8bf8vyh2nm-bat-0.24.0"
        },
        "x86_64-darwin": {
          "outputs": [
            {
              "name": "out",
              "path": "/nix/store/c1ax8ak0qqd616dmnbdm0qvl8x56s09h-bat-0.24.0",
              "default": true
            }
          ],
          "store_path": "/nix/store/c1ax8ak0qqd616dmnbdm0qvl8x56s09h-bat-0.24.0"
        },
        "x86_64-linux": {
          "outputs": [
            {
              "name": "out",
              "path": "/nix/store/vgrwgqhsyw7ghcyirfbp3jdn3frjz6ms-bat-0.24.0",
              "default": true
            }
          ],
          "store_path": "/nix/store/vgrwgqhsyw7ghcyirfbp3jdn3frjz6ms-bat-0.24.0"
        }
      }
    },
    "cosign@latest": {
      "last_modified": "2024-09-10T15:01:03Z",
      "resolved": "github:NixOS/nixpkgs/5ed627539ac84809c78b2dd6d26a5cebeb5ae269#cosign",
      "source": "devbox-search",
      "version": "2.4.0",
      "systems": {
        "aarch64-darwin": {
          "outputs": [
            {
              "name": "out",
              "path": "/nix/store/zg0lzlqyjl9x2sfpccbjxlhx6fv5bd75-cosign-2.4.0",
              "default": true
            }
          ],
          "store_path": "/nix/store/zg0lzlqyjl9x2sfpccbjxlhx6fv5bd75-cosign-2.4.0"
        },
        "aarch64-linux": {
          "outputs": [
            {
              "name": "out",
              "path": "/nix/store/ly6b9b4bipsliy9fd2xypdg26kyl93hp-cosign-2.4.0",
              "default": true
            }
          ],
          "store_path": "/nix/store/ly6b9b4bipsliy9fd2xypdg26kyl93hp-cosign-2.4.0"
        },
        "x86_64-darwin": {
          "outputs": [
            {
              "name": "out",
              "path": "/nix/store/7samn38xyjg71kwfrr93armldxaxjvr4-cosign-2.4.0",
              "default": true
            }
          ],
          "store_path": "/nix/store/7samn38xyjg71kwfrr93armldxaxjvr4-cosign-2.4.0"
        },
        "x86_64-linux": {
          "outputs": [
            {
              "name": "out",
              "path": "/nix/store/v1l89dnban94pwffpjj9nmx3ghfrr1m9-cosign-2.4.0",
              "default": true
            }
          ],
          "store_path": "/nix/store/v1l89dnban94pwffpjj9nmx3ghfrr1m9-cosign-2.4.0"
        }
      }
    },
    "direnv@latest": {
      "last_modified": "2024-09-10T15:01:03Z",
      "resolved": "github:NixOS/nixpkgs/5ed627539ac84809c78b2dd6d26a5cebeb5ae269#direnv",
      "source": "devbox-search",
      "version": "2.34.0",
      "systems": {
        "aarch64-darwin": {
          "outputs": [
            {
              "name": "out",
              "path": "/nix/store/86zx2b7bd57p8wjaw4vz313vfyx8883q-direnv-2.34.0",
              "default": true
            }
          ],
          "store_path": "/nix/store/86zx2b7bd57p8wjaw4vz313vfyx8883q-direnv-2.34.0"
        },
        "aarch64-linux": {
          "outputs": [
            {
              "name": "out",
              "path": "/nix/store/3rh237ir32dib3dbf4nvfyps1i8x4khn-direnv-2.34.0",
              "default": true
            }
          ],
          "store_path": "/nix/store/3rh237ir32dib3dbf4nvfyps1i8x4khn-direnv-2.34.0"
        },
        "x86_64-darwin": {
          "outputs": [
            {
              "name": "out",
              "path": "/nix/store/nbiq14rih1mzl4lgahvbszqk0jdhj4zf-direnv-2.34.0",
              "default": true
            }
          ],
          "store_path": "/nix/store/nbiq14rih1mzl4lgahvbszqk0jdhj4zf-direnv-2.34.0"
        },
        "x86_64-linux": {
          "outputs": [
            {
              "name": "out",
              "path": "/nix/store/823qi3acdfxnvn0ylygjg6jabx7b4q31-direnv-2.34.0",
              "default": true
            }
          ],
          "store_path": "/nix/store/823qi3acdfxnvn0ylygjg6jabx7b4q31-direnv-2.34.0"
        }
      }
    },
    "eksctl@latest": {
      "last_modified": "2024-09-10T15:01:03Z",
      "resolved": "github:NixOS/nixpkgs/5ed627539ac84809c78b2dd6d26a5cebeb5ae269#eksctl",
      "source": "devbox-search",
      "version": "0.190.0",
      "systems": {
        "aarch64-darwin": {
          "outputs": [
            {
              "name": "out",
              "path": "/nix/store/z2rzmh8iq8c51n7jgk1p4d7mn5r1hraq-eksctl-0.190.0",
              "default": true
            }
          ],
          "store_path": "/nix/store/z2rzmh8iq8c51n7jgk1p4d7mn5r1hraq-eksctl-0.190.0"
        },
        "aarch64-linux": {
          "outputs": [
            {
              "name": "out",
              "path": "/nix/store/ya9zd7d0bk7n022z45plxaqdiqamrn0d-eksctl-0.190.0",
              "default": true
            }
          ],
          "store_path": "/nix/store/ya9zd7d0bk7n022z45plxaqdiqamrn0d-eksctl-0.190.0"
        },
        "x86_64-darwin": {
          "outputs": [
            {
              "name": "out",
              "path": "/nix/store/ms04zam2fxw2vih2ry34wnv8qg8z1k55-eksctl-0.190.0",
              "default": true
            }
          ],
          "store_path": "/nix/store/ms04zam2fxw2vih2ry34wnv8qg8z1k55-eksctl-0.190.0"
        },
        "x86_64-linux": {
          "outputs": [
            {
              "name": "out",
              "path": "/nix/store/slv1z46qb1g1il1r5dkyflpwvw9lhrgy-eksctl-0.190.0",
              "default": true
            }
          ],
          "store_path": "/nix/store/slv1z46qb1g1il1r5dkyflpwvw9lhrgy-eksctl-0.190.0"
        }
      }
    },
    "envsubst@latest": {
      "last_modified": "2024-09-10T15:01:03Z",
      "resolved": "github:NixOS/nixpkgs/5ed627539ac84809c78b2dd6d26a5cebeb5ae269#envsubst",
      "source": "devbox-search",
      "version": "1.4.2",
      "systems": {
        "aarch64-darwin": {
          "outputs": [
            {
              "name": "out",
              "path": "/nix/store/wwpqj6p5kkz7a8ivxpb4qgkq32vjbbi8-envsubst-1.4.2",
              "default": true
            }
          ],
          "store_path": "/nix/store/wwpqj6p5kkz7a8ivxpb4qgkq32vjbbi8-envsubst-1.4.2"
        },
        "aarch64-linux": {
          "outputs": [
            {
              "name": "out",
              "path": "/nix/store/8h69368kx3jmlza31r8pcnxc58cqklcp-envsubst-1.4.2",
              "default": true
            }
          ],
          "store_path": "/nix/store/8h69368kx3jmlza31r8pcnxc58cqklcp-envsubst-1.4.2"
        },
        "x86_64-darwin": {
          "outputs": [
            {
              "name": "out",
              "path": "/nix/store/pll5kcsj1c87f2fgjvh73jn3jv4sqk8v-envsubst-1.4.2",
              "default": true
            }
          ],
          "store_path": "/nix/store/pll5kcsj1c87f2fgjvh73jn3jv4sqk8v-envsubst-1.4.2"
        },
        "x86_64-linux": {
          "outputs": [
            {
              "name": "out",
              "path": "/nix/store/0vnhf886n6pj0r6x7y8c1flzch1gs20f-envsubst-1.4.2",
              "default": true
            }
          ],
          "store_path": "/nix/store/0vnhf886n6pj0r6x7y8c1flzch1gs20f-envsubst-1.4.2"
        }
      }
    },
    "eza@0.18.16": {
      "last_modified": "2024-05-26T09:30:02Z",
      "resolved": "github:NixOS/nixpkgs/e2dd4e18cc1c7314e24154331bae07df76eb582f#eza",
      "source": "devbox-search",
      "version": "0.18.16",
      "systems": {
        "aarch64-darwin": {
          "outputs": [
            {
              "name": "out",
              "path": "/nix/store/d4qbkyx0w515z8dn2wnxr4z5mmirajlx-eza-0.18.16",
              "default": true
            },
            {
              "name": "man",
              "path": "/nix/store/drbdz6nk7vm6vgbycz8r33n309zcdlff-eza-0.18.16-man",
              "default": true
            }
          ],
          "store_path": "/nix/store/d4qbkyx0w515z8dn2wnxr4z5mmirajlx-eza-0.18.16"
        },
        "aarch64-linux": {
          "outputs": [
            {
              "name": "out",
              "path": "/nix/store/f4m14agaxgwfqnl6v20gr9babsx7lcav-eza-0.18.16",
              "default": true
            },
            {
              "name": "man",
              "path": "/nix/store/jpdy01lsa8xvcpnjrrhkz05c4pk5b4s0-eza-0.18.16-man",
              "default": true
            }
          ],
          "store_path": "/nix/store/f4m14agaxgwfqnl6v20gr9babsx7lcav-eza-0.18.16"
        },
        "x86_64-darwin": {
          "outputs": [
            {
              "name": "out",
              "path": "/nix/store/16rakz45y3va5szb7cncjn22dl7xdbi4-eza-0.18.16",
              "default": true
            },
            {
              "name": "man",
              "path": "/nix/store/ajmn28frlr5zimrv68cb966nc4x205yv-eza-0.18.16-man",
              "default": true
            }
          ],
          "store_path": "/nix/store/16rakz45y3va5szb7cncjn22dl7xdbi4-eza-0.18.16"
        },
        "x86_64-linux": {
          "outputs": [
            {
              "name": "out",
              "path": "/nix/store/dcp6gr7lgfghvjhlavcwh4f63zxzg367-eza-0.18.16",
              "default": true
            },
            {
              "name": "man",
              "path": "/nix/store/gf9xl7n442c75pbwxyw71b0h8xyjh18w-eza-0.18.16-man",
              "default": true
            }
          ],
          "store_path": "/nix/store/dcp6gr7lgfghvjhlavcwh4f63zxzg367-eza-0.18.16"
        }
      }
    },
    "fzf@0.52.1": {
      "last_modified": "2024-05-22T06:18:38Z",
      "resolved": "github:NixOS/nixpkgs/3f316d2a50699a78afe5e77ca486ad553169061e#fzf",
      "source": "devbox-search",
      "version": "0.52.1",
      "systems": {
        "aarch64-darwin": {
          "outputs": [
            {
              "name": "out",
              "path": "/nix/store/dnfbfp39w0dmi0hkqs11zlffm3a42xc1-fzf-0.52.1",
              "default": true
            },
            {
              "name": "man",
              "path": "/nix/store/zlhf9f8b0jx5xwh1m0l14k12q5rhc4pf-fzf-0.52.1-man",
              "default": true
            }
          ],
          "store_path": "/nix/store/dnfbfp39w0dmi0hkqs11zlffm3a42xc1-fzf-0.52.1"
        },
        "aarch64-linux": {
          "outputs": [
            {
              "name": "out",
              "path": "/nix/store/c0fx19fkfs4v3kxiki8j59j84qki8p8k-fzf-0.52.1",
              "default": true
            },
            {
              "name": "man",
              "path": "/nix/store/ac261ibbk29d8yii40i9khqzmv16f16g-fzf-0.52.1-man",
              "default": true
            }
          ],
          "store_path": "/nix/store/c0fx19fkfs4v3kxiki8j59j84qki8p8k-fzf-0.52.1"
        },
        "x86_64-darwin": {
          "outputs": [
            {
              "name": "out",
              "path": "/nix/store/r19l3gfl595ycznb8vv6xbr2vpqpw6fz-fzf-0.52.1",
              "default": true
            },
            {
              "name": "man",
              "path": "/nix/store/b3cv9f34wi2hf9b1rcnw7v50nzmxixcj-fzf-0.52.1-man",
              "default": true
            }
          ],
          "store_path": "/nix/store/r19l3gfl595ycznb8vv6xbr2vpqpw6fz-fzf-0.52.1"
        },
        "x86_64-linux": {
          "outputs": [
            {
              "name": "out",
              "path": "/nix/store/0qygwgixvg42d5lhfkj18b1zvclmcvc4-fzf-0.52.1",
              "default": true
            },
            {
              "name": "man",
              "path": "/nix/store/i9f8ia4ajbm06brcjpaq3vr9crf18wbw-fzf-0.52.1-man",
              "default": true
            }
          ],
          "store_path": "/nix/store/0qygwgixvg42d5lhfkj18b1zvclmcvc4-fzf-0.52.1"
        }
      }
    },
    "grafana@latest": {
      "last_modified": "2024-09-10T15:01:03Z",
      "resolved": "github:NixOS/nixpkgs/5ed627539ac84809c78b2dd6d26a5cebeb5ae269#grafana",
      "source": "devbox-search",
      "version": "11.2.0",
      "systems": {
        "aarch64-darwin": {
          "outputs": [
            {
              "name": "out",
              "path": "/nix/store/khr49y7n0icz326ykkm72bpm4857ylj3-grafana-11.2.0",
              "default": true
            }
          ],
          "store_path": "/nix/store/khr49y7n0icz326ykkm72bpm4857ylj3-grafana-11.2.0"
        },
        "aarch64-linux": {
          "outputs": [
            {
              "name": "out",
              "path": "/nix/store/67hf68ykns5i0smjbm4aangmi6w2axld-grafana-11.2.0",
              "default": true
            }
          ],
          "store_path": "/nix/store/67hf68ykns5i0smjbm4aangmi6w2axld-grafana-11.2.0"
        },
        "x86_64-darwin": {
          "outputs": [
            {
              "name": "out",
              "path": "/nix/store/z8v15c9v77bxkzp839g7lnzqivxqkzyz-grafana-11.2.0",
              "default": true
            }
          ],
          "store_path": "/nix/store/z8v15c9v77bxkzp839g7lnzqivxqkzyz-grafana-11.2.0"
        },
        "x86_64-linux": {
          "outputs": [
            {
              "name": "out",
              "path": "/nix/store/2xhp0mqmshw93cybmjhmi975rkxm9mh2-grafana-11.2.0",
              "default": true
            }
          ],
          "store_path": "/nix/store/2xhp0mqmshw93cybmjhmi975rkxm9mh2-grafana-11.2.0"
        }
      }
    },
    "jdk@11": {
      "last_modified": "2024-09-10T15:01:03Z",
      "resolved": "github:NixOS/nixpkgs/5ed627539ac84809c78b2dd6d26a5cebeb5ae269#jdk11",
      "source": "devbox-search",
      "version": "11.0.22",
      "systems": {
        "aarch64-darwin": {
          "outputs": [
            {
              "name": "out",
              "path": "/nix/store/8hmdv27fa4jf0437fmqsjim76n0lj747-zulu-ca-jdk-11.0.22",
              "default": true
            }
          ],
          "store_path": "/nix/store/8hmdv27fa4jf0437fmqsjim76n0lj747-zulu-ca-jdk-11.0.22"
        },
        "x86_64-darwin": {
          "outputs": [
            {
              "name": "out",
              "path": "/nix/store/kiq5xyv03c0y77fgyn8zmzmxxak4yl9z-zulu-ca-jdk-11.0.22",
              "default": true
            }
          ],
          "store_path": "/nix/store/kiq5xyv03c0y77fgyn8zmzmxxak4yl9z-zulu-ca-jdk-11.0.22"
        }
      }
    },
    "jq@latest": {
      "last_modified": "2024-09-17T14:38:52Z",
      "resolved": "github:NixOS/nixpkgs/658e7223191d2598641d50ee4e898126768fe847#jq",
      "source": "devbox-search",
      "version": "1.7.1",
      "systems": {
        "aarch64-darwin": {
          "outputs": [
            {
              "name": "bin",
              "path": "/nix/store/9h78n0xjxgjmmb37bi8ca6wyikx357fn-jq-1.7.1-bin",
              "default": true
            },
            {
              "name": "man",
              "path": "/nix/store/gxakkni5fxplsxkhlpd1y39z848r9w1k-jq-1.7.1-man",
              "default": true
            },
            {
              "name": "dev",
              "path": "/nix/store/87lmnqwvgrbr4mymv790ysnp1fp9dbvc-jq-1.7.1-dev"
            },
            {
              "name": "doc",
              "path": "/nix/store/dgrfyris3jajhimxw0p5qwpmdwsz0k6m-jq-1.7.1-doc"
            },
            {
              "name": "lib",
              "path": "/nix/store/1xx96kscxipvqg02hg5zhkc3p6jg8dax-jq-1.7.1-lib"
            },
            {
              "name": "out",
              "path": "/nix/store/49pvp5zyzs3kqafdrvl5l8zrr5gxg2ha-jq-1.7.1"
            }
          ],
          "store_path": "/nix/store/9h78n0xjxgjmmb37bi8ca6wyikx357fn-jq-1.7.1-bin"
        },
        "aarch64-linux": {
          "outputs": [
            {
              "name": "bin",
              "path": "/nix/store/d53sa7n91q32bj4n3d8yfih66w0cnybk-jq-1.7.1-bin",
              "default": true
            },
            {
              "name": "man",
              "path": "/nix/store/m2q5jyh2ifvyy71054kvdq12bq1kny0q-jq-1.7.1-man",
              "default": true
            },
            {
              "name": "lib",
              "path": "/nix/store/ffrivwacr1y18qq3fyk5gqz4h99hncza-jq-1.7.1-lib"
            },
            {
              "name": "out",
              "path": "/nix/store/hsrxl3njwwhi8zcbdrradmzdhf8q8b2c-jq-1.7.1"
            },
            {
              "name": "dev",
              "path": "/nix/store/xwy0g4wfzibz2hv9gnrcmg4hncncg0gx-jq-1.7.1-dev"
            },
            {
              "name": "doc",
              "path": "/nix/store/3scw7wdaz3mnigbqpir7yd81lfx4vb4a-jq-1.7.1-doc"
            }
          ],
          "store_path": "/nix/store/d53sa7n91q32bj4n3d8yfih66w0cnybk-jq-1.7.1-bin"
        },
        "x86_64-darwin": {
          "outputs": [
            {
              "name": "bin",
              "path": "/nix/store/vprdq5a3dk284s7blbxgaciqn90j5vgy-jq-1.7.1-bin",
              "default": true
            },
            {
              "name": "man",
              "path": "/nix/store/b7g1b4d9bkrii1l08h7jm42m346rch3n-jq-1.7.1-man",
              "default": true
            },
            {
              "name": "out",
              "path": "/nix/store/m8y9qhibbih84af3vqs4wl72k9dpyiyj-jq-1.7.1"
            },
            {
              "name": "dev",
              "path": "/nix/store/mz2z5g6xiji538wkxclm7hxjqcji8kj0-jq-1.7.1-dev"
            },
            {
              "name": "doc",
              "path": "/nix/store/71lp09p1kdcdhk4xvs97w31ik0sjjimr-jq-1.7.1-doc"
            },
            {
              "name": "lib",
              "path": "/nix/store/0lg1w92gx3aam7b1h311ssmjq63p3kd4-jq-1.7.1-lib"
            }
          ],
          "store_path": "/nix/store/vprdq5a3dk284s7blbxgaciqn90j5vgy-jq-1.7.1-bin"
        },
        "x86_64-linux": {
          "outputs": [
            {
              "name": "bin",
              "path": "/nix/store/x8jzsy0y1zk30mcvav2rh6lrw1gbzzy3-jq-1.7.1-bin",
              "default": true
            },
            {
              "name": "man",
              "path": "/nix/store/0jpj9xq83imjwhldsrmiyn8pp8wjazp5-jq-1.7.1-man",
              "default": true
            },
            {
              "name": "out",
              "path": "/nix/store/7sy12xv4fwii421d920jxqx63c0ai3w3-jq-1.7.1"
            },
            {
              "name": "dev",
              "path": "/nix/store/04ca5xwvasz6s3jg0k7njz6rzi0d225w-jq-1.7.1-dev"
            },
            {
              "name": "doc",
              "path": "/nix/store/yfc9bsy7n9k66238s3cy7vw3cw1l1ap8-jq-1.7.1-doc"
            },
            {
              "name": "lib",
              "path": "/nix/store/n2vk1zmfzy726amnpr96jibk4zaya6qq-jq-1.7.1-lib"
            }
          ],
          "store_path": "/nix/store/x8jzsy0y1zk30mcvav2rh6lrw1gbzzy3-jq-1.7.1-bin"
        }
      }
    },
    "k9s@latest": {
      "last_modified": "2024-09-10T15:01:03Z",
      "resolved": "github:NixOS/nixpkgs/5ed627539ac84809c78b2dd6d26a5cebeb5ae269#k9s",
      "source": "devbox-search",
      "version": "0.32.5",
      "systems": {
        "aarch64-darwin": {
          "outputs": [
            {
              "name": "out",
              "path": "/nix/store/m5bxsscvglr5fw9a19xx0qb37kkq6z80-k9s-0.32.5",
              "default": true
            }
          ],
          "store_path": "/nix/store/m5bxsscvglr5fw9a19xx0qb37kkq6z80-k9s-0.32.5"
        },
        "aarch64-linux": {
          "outputs": [
            {
              "name": "out",
              "path": "/nix/store/z1ikxiyw90iwdmj2g5zasixqgf433519-k9s-0.32.5",
              "default": true
            }
          ],
          "store_path": "/nix/store/z1ikxiyw90iwdmj2g5zasixqgf433519-k9s-0.32.5"
        },
        "x86_64-darwin": {
          "outputs": [
            {
              "name": "out",
              "path": "/nix/store/i6midqzq5vk4sf0218a5f37q9wqisklw-k9s-0.32.5",
              "default": true
            }
          ],
          "store_path": "/nix/store/i6midqzq5vk4sf0218a5f37q9wqisklw-k9s-0.32.5"
        },
        "x86_64-linux": {
          "outputs": [
            {
              "name": "out",
              "path": "/nix/store/c038vflkrhbdbsy99xg1v3wxyq8cji2k-k9s-0.32.5",
              "default": true
            }
          ],
          "store_path": "/nix/store/c038vflkrhbdbsy99xg1v3wxyq8cji2k-k9s-0.32.5"
        }
      }
    },
    "kubectl@latest": {
      "last_modified": "2024-09-10T15:01:03Z",
      "resolved": "github:NixOS/nixpkgs/5ed627539ac84809c78b2dd6d26a5cebeb5ae269#kubectl",
      "source": "devbox-search",
      "version": "1.31.0",
      "systems": {
        "aarch64-darwin": {
          "outputs": [
            {
              "name": "out",
              "path": "/nix/store/a3sbf306xajs0af6pcz34pw4pi9mkmj5-kubectl-1.31.0",
              "default": true
            },
            {
              "name": "man",
              "path": "/nix/store/ap867akfi9x10mzsbna51rxfh5wx5av2-kubectl-1.31.0-man",
              "default": true
            },
            {
              "name": "convert",
              "path": "/nix/store/n3g8pl6v8qf08d6z6pjllrb89ysr1zsc-kubectl-1.31.0-convert"
            }
          ],
          "store_path": "/nix/store/a3sbf306xajs0af6pcz34pw4pi9mkmj5-kubectl-1.31.0"
        },
        "aarch64-linux": {
          "outputs": [
            {
              "name": "out",
              "path": "/nix/store/qg9r3qqnjjxqmaq9qqbyh9x12k1vvqhv-kubectl-1.31.0",
              "default": true
            },
            {
              "name": "man",
              "path": "/nix/store/j132aazwv8nylcr4ciddmyhfwy48al5w-kubectl-1.31.0-man",
              "default": true
            },
            {
              "name": "convert",
              "path": "/nix/store/rc505l8rn9sd9g75hkxv1vq8zhr37j4x-kubectl-1.31.0-convert"
            }
          ],
          "store_path": "/nix/store/qg9r3qqnjjxqmaq9qqbyh9x12k1vvqhv-kubectl-1.31.0"
        },
        "x86_64-darwin": {
          "outputs": [
            {
              "name": "out",
              "path": "/nix/store/c5q71r4zbx9jjrdg1bky82q3ak87dsmn-kubectl-1.31.0",
              "default": true
            },
            {
              "name": "man",
              "path": "/nix/store/fqnpf91mg1w1z7glgx42wxgw8k2j4ym0-kubectl-1.31.0-man",
              "default": true
            },
            {
              "name": "convert",
              "path": "/nix/store/arnjlmd1zxdnp76qgk343ybqkjs3d4fb-kubectl-1.31.0-convert"
            }
          ],
          "store_path": "/nix/store/c5q71r4zbx9jjrdg1bky82q3ak87dsmn-kubectl-1.31.0"
        },
        "x86_64-linux": {
          "outputs": [
            {
              "name": "out",
              "path": "/nix/store/2xi1vzmqlbsqg9k3n1m204n56als7lyn-kubectl-1.31.0",
              "default": true
            },
            {
              "name": "man",
              "path": "/nix/store/75y8hkbk46qksfhqbkv5ass7xx3x1xsh-kubectl-1.31.0-man",
              "default": true
            },
            {
              "name": "convert",
              "path": "/nix/store/h9v1hlig44y827ms1cszwld3agdbh47k-kubectl-1.31.0-convert"
            }
          ],
          "store_path": "/nix/store/2xi1vzmqlbsqg9k3n1m204n56als7lyn-kubectl-1.31.0"
        }
      }
    },
    "kubernetes-helm@latest": {
      "last_modified": "2024-09-17T14:38:52Z",
      "resolved": "github:NixOS/nixpkgs/658e7223191d2598641d50ee4e898126768fe847#kubernetes-helm",
      "source": "devbox-search",
      "version": "3.16.1",
      "systems": {
        "aarch64-darwin": {
          "outputs": [
            {
              "name": "out",
              "path": "/nix/store/g9b797qqdsp7ymdx7dhwy5nfkhf90r4m-kubernetes-helm-3.16.1",
              "default": true
            }
          ],
          "store_path": "/nix/store/g9b797qqdsp7ymdx7dhwy5nfkhf90r4m-kubernetes-helm-3.16.1"
        },
        "aarch64-linux": {
          "outputs": [
            {
              "name": "out",
              "path": "/nix/store/s1smmyjs9988adbszdg2nd58qradswbc-kubernetes-helm-3.16.1",
              "default": true
            }
          ],
          "store_path": "/nix/store/s1smmyjs9988adbszdg2nd58qradswbc-kubernetes-helm-3.16.1"
        },
        "x86_64-darwin": {
          "outputs": [
            {
              "name": "out",
              "path": "/nix/store/3wfzg682rdi2md92jlql5i4h2pzxbq7a-kubernetes-helm-3.16.1",
              "default": true
            }
          ],
          "store_path": "/nix/store/3wfzg682rdi2md92jlql5i4h2pzxbq7a-kubernetes-helm-3.16.1"
        },
        "x86_64-linux": {
          "outputs": [
            {
              "name": "out",
              "path": "/nix/store/gl7z7bx0csk5flgidxjhjswf13y7vd7w-kubernetes-helm-3.16.1",
              "default": true
            }
          ],
          "store_path": "/nix/store/gl7z7bx0csk5flgidxjhjswf13y7vd7w-kubernetes-helm-3.16.1"
        }
      }
    },
    "neovim@0.10.1": {
      "last_modified": "2024-09-10T15:01:03Z",
      "resolved": "github:NixOS/nixpkgs/5ed627539ac84809c78b2dd6d26a5cebeb5ae269#neovim",
      "source": "devbox-search",
      "version": "0.10.1",
      "systems": {
        "aarch64-darwin": {
          "outputs": [
            {
              "name": "out",
              "path": "/nix/store/bns0ijcm1cj6zw0bk44laxynk76hcbyl-neovim-0.10.1",
              "default": true
            }
          ],
          "store_path": "/nix/store/bns0ijcm1cj6zw0bk44laxynk76hcbyl-neovim-0.10.1"
        },
        "aarch64-linux": {
          "outputs": [
            {
              "name": "out",
              "path": "/nix/store/3wffzbns7001550pi786fc7v9b75nbrs-neovim-0.10.1",
              "default": true
            }
          ],
          "store_path": "/nix/store/3wffzbns7001550pi786fc7v9b75nbrs-neovim-0.10.1"
        },
        "x86_64-darwin": {
          "outputs": [
            {
              "name": "out",
              "path": "/nix/store/9201frb04nm77wi2rd0nr5njpk70dxrr-neovim-0.10.1",
              "default": true
            }
          ],
          "store_path": "/nix/store/9201frb04nm77wi2rd0nr5njpk70dxrr-neovim-0.10.1"
        },
        "x86_64-linux": {
          "outputs": [
            {
              "name": "out",
              "path": "/nix/store/pj8wdxamz5hqxxdlm932bcrh45d3pcnh-neovim-0.10.1",
              "default": true
            }
          ],
          "store_path": "/nix/store/pj8wdxamz5hqxxdlm932bcrh45d3pcnh-neovim-0.10.1"
        }
      }
    },
    "nodejs_20@latest": {
      "last_modified": "2024-09-10T15:01:03Z",
      "plugin_version": "0.0.2",
      "resolved": "github:NixOS/nixpkgs/5ed627539ac84809c78b2dd6d26a5cebeb5ae269#nodejs_20",
      "source": "devbox-search",
      "version": "20.17.0",
      "systems": {
        "aarch64-darwin": {
          "outputs": [
            {
              "name": "out",
              "path": "/nix/store/hxl1k8qgmrm1vfq5f419iv4wybz9szqq-nodejs-20.17.0",
              "default": true
            },
            {
              "name": "libv8",
              "path": "/nix/store/baf3p9zf8dn2arp6wjkdi3v0g2xgfd6y-nodejs-20.17.0-libv8"
            }
          ],
          "store_path": "/nix/store/hxl1k8qgmrm1vfq5f419iv4wybz9szqq-nodejs-20.17.0"
        },
        "aarch64-linux": {
          "outputs": [
            {
              "name": "out",
              "path": "/nix/store/vc64zpxndmp3xh9699yb2vpbl81pxbk0-nodejs-20.17.0",
              "default": true
            },
            {
              "name": "libv8",
              "path": "/nix/store/0c57mzp5bqf0pp4a0pdj8wynphsgi92c-nodejs-20.17.0-libv8"
            }
          ],
          "store_path": "/nix/store/vc64zpxndmp3xh9699yb2vpbl81pxbk0-nodejs-20.17.0"
        },
        "x86_64-darwin": {
          "outputs": [
            {
              "name": "out",
              "path": "/nix/store/lgyrki1i0205nwh51c1h22bhl95x0nyd-nodejs-20.17.0",
              "default": true
            },
            {
              "name": "libv8",
              "path": "/nix/store/n4xvswmgb3ql2440bkl8xk4i3b11w46x-nodejs-20.17.0-libv8"
            }
          ],
          "store_path": "/nix/store/lgyrki1i0205nwh51c1h22bhl95x0nyd-nodejs-20.17.0"
        },
        "x86_64-linux": {
          "outputs": [
            {
              "name": "out",
              "path": "/nix/store/w78sh036dyn14f29w8za9ni9syrmwm3q-nodejs-20.17.0",
              "default": true
            },
            {
              "name": "libv8",
              "path": "/nix/store/bsqha32xvv1j20bwkhr2wsnclk4qsi3a-nodejs-20.17.0-libv8"
            }
          ],
          "store_path": "/nix/store/w78sh036dyn14f29w8za9ni9syrmwm3q-nodejs-20.17.0"
        }
      }
    },
    "ripgrep@14.1.0": {
      "last_modified": "2024-08-31T10:12:23Z",
      "resolved": "github:NixOS/nixpkgs/5629520edecb69630a3f4d17d3d33fc96c13f6fe#ripgrep",
      "source": "devbox-search",
      "version": "14.1.0",
      "systems": {
        "aarch64-darwin": {
          "outputs": [
            {
              "name": "out",
              "path": "/nix/store/acs4kp4s0p7zh706r039pvbbdq4s900a-ripgrep-14.1.0",
              "default": true
            }
          ],
          "store_path": "/nix/store/acs4kp4s0p7zh706r039pvbbdq4s900a-ripgrep-14.1.0"
        },
        "aarch64-linux": {
          "outputs": [
            {
              "name": "out",
              "path": "/nix/store/4fbdhmm5801qla162pbrj2sxzdqvs49g-ripgrep-14.1.0",
              "default": true
            }
          ],
          "store_path": "/nix/store/4fbdhmm5801qla162pbrj2sxzdqvs49g-ripgrep-14.1.0"
        },
        "x86_64-darwin": {
          "outputs": [
            {
              "name": "out",
              "path": "/nix/store/7yn6divlcnzznx1ss93xbnklccfh14bi-ripgrep-14.1.0",
              "default": true
            }
          ],
          "store_path": "/nix/store/7yn6divlcnzznx1ss93xbnklccfh14bi-ripgrep-14.1.0"
        },
        "x86_64-linux": {
          "outputs": [
            {
              "name": "out",
              "path": "/nix/store/mng5a43lc9amknw93ds0ghkrcdwwh3vl-ripgrep-14.1.0",
              "default": true
            }
          ],
          "store_path": "/nix/store/mng5a43lc9amknw93ds0ghkrcdwwh3vl-ripgrep-14.1.0"
        }
      }
    },
    "starship@1.19.0": {
      "last_modified": "2024-07-07T07:43:47Z",
      "resolved": "github:NixOS/nixpkgs/b60793b86201040d9dee019a05089a9150d08b5b#starship",
      "source": "devbox-search",
      "version": "1.19.0",
      "systems": {
        "aarch64-darwin": {
          "outputs": [
            {
              "name": "out",
              "path": "/nix/store/gjc4x8bcnv2pvalpy5xd02jrsfyyc3js-starship-1.19.0",
              "default": true
            }
          ],
          "store_path": "/nix/store/gjc4x8bcnv2pvalpy5xd02jrsfyyc3js-starship-1.19.0"
        },
        "aarch64-linux": {
          "outputs": [
            {
              "name": "out",
              "path": "/nix/store/9x4j7sx994h54rsmyrrlzhyxnp3a1m80-starship-1.19.0",
              "default": true
            }
          ],
          "store_path": "/nix/store/9x4j7sx994h54rsmyrrlzhyxnp3a1m80-starship-1.19.0"
        },
        "x86_64-darwin": {
          "outputs": [
            {
              "name": "out",
              "path": "/nix/store/dz6vzhs2sjign045ldh1xv64h4i6l6lj-starship-1.19.0",
              "default": true
            }
          ],
          "store_path": "/nix/store/dz6vzhs2sjign045ldh1xv64h4i6l6lj-starship-1.19.0"
        },
        "x86_64-linux": {
          "outputs": [
            {
              "name": "out",
              "path": "/nix/store/0m0l1jvh23lxqa4wv9f3yhxr6ivw14m6-starship-1.19.0",
              "default": true
            }
          ],
          "store_path": "/nix/store/0m0l1jvh23lxqa4wv9f3yhxr6ivw14m6-starship-1.19.0"
        }
      }
    },
    "tmux@latest": {
      "last_modified": "2024-09-10T15:01:03Z",
      "resolved": "github:NixOS/nixpkgs/5ed627539ac84809c78b2dd6d26a5cebeb5ae269#tmux",
      "source": "devbox-search",
      "version": "3.4",
      "systems": {
        "aarch64-darwin": {
          "outputs": [
            {
              "name": "out",
              "path": "/nix/store/i2qcgjhhinmy7330mjhzv4zhkzgv4vpl-tmux-3.4",
              "default": true
            },
            {
              "name": "man",
              "path": "/nix/store/rvvj5fd8ix5nvnlhvr5nnrin3x5j4vfc-tmux-3.4-man",
              "default": true
            }
          ],
          "store_path": "/nix/store/i2qcgjhhinmy7330mjhzv4zhkzgv4vpl-tmux-3.4"
        },
        "aarch64-linux": {
          "outputs": [
            {
              "name": "out",
              "path": "/nix/store/lh0n9qvxsk1y022109zd6q3kyw1g2by9-tmux-3.4",
              "default": true
            },
            {
              "name": "man",
              "path": "/nix/store/q957sqaqgjl9vi4lq7l6xmcxciqlp7aw-tmux-3.4-man",
              "default": true
            }
          ],
          "store_path": "/nix/store/lh0n9qvxsk1y022109zd6q3kyw1g2by9-tmux-3.4"
        },
        "x86_64-darwin": {
          "outputs": [
            {
              "name": "out",
              "path": "/nix/store/xi4q2ksa7c56dd7w3m9b2lgf1kh9z8rm-tmux-3.4",
              "default": true
            },
            {
              "name": "man",
              "path": "/nix/store/2mpqw8j8vixpnr3k0l0kw8mif8lrry8p-tmux-3.4-man",
              "default": true
            }
          ],
          "store_path": "/nix/store/xi4q2ksa7c56dd7w3m9b2lgf1kh9z8rm-tmux-3.4"
        },
        "x86_64-linux": {
          "outputs": [
            {
              "name": "out",
              "path": "/nix/store/b9rynw53qcahdnp23df9h46qwvr40pld-tmux-3.4",
              "default": true
            },
            {
              "name": "man",
              "path": "/nix/store/pdc04qyy6fdrqa06g6lnxrv4db5n5qnc-tmux-3.4-man",
              "default": true
            }
          ],
          "store_path": "/nix/store/b9rynw53qcahdnp23df9h46qwvr40pld-tmux-3.4"
        }
      }
    },
    "yq-go@latest": {
      "last_modified": "2024-09-10T15:01:03Z",
      "resolved": "github:NixOS/nixpkgs/5ed627539ac84809c78b2dd6d26a5cebeb5ae269#yq-go",
      "source": "devbox-search",
      "version": "4.44.3",
      "systems": {
        "aarch64-darwin": {
          "outputs": [
            {
              "name": "out",
              "path": "/nix/store/l4yd5ml8bq3k7kgx09v11q735ifafc2z-yq-go-4.44.3",
              "default": true
            }
          ],
          "store_path": "/nix/store/l4yd5ml8bq3k7kgx09v11q735ifafc2z-yq-go-4.44.3"
        },
        "aarch64-linux": {
          "outputs": [
            {
              "name": "out",
              "path": "/nix/store/v560a3n62j1vxmcajhmjm0m3g706gj1r-yq-go-4.44.3",
              "default": true
            }
          ],
          "store_path": "/nix/store/v560a3n62j1vxmcajhmjm0m3g706gj1r-yq-go-4.44.3"
        },
        "x86_64-darwin": {
          "outputs": [
            {
              "name": "out",
              "path": "/nix/store/51y79dql9azy10mr82dbvp30y29lp3pn-yq-go-4.44.3",
              "default": true
            }
          ],
          "store_path": "/nix/store/51y79dql9azy10mr82dbvp30y29lp3pn-yq-go-4.44.3"
        },
        "x86_64-linux": {
          "outputs": [
            {
              "name": "out",
              "path": "/nix/store/3c1gvwg7nkvwvidnvng8fj31pprkhhva-yq-go-4.44.3",
              "default": true
            }
          ],
          "store_path": "/nix/store/3c1gvwg7nkvwvidnvng8fj31pprkhhva-yq-go-4.44.3"
        }
      }
    },
    "zoxide@0.9.4": {
      "last_modified": "2024-09-10T15:01:03Z",
      "resolved": "github:NixOS/nixpkgs/5ed627539ac84809c78b2dd6d26a5cebeb5ae269#zoxide",
      "source": "devbox-search",
      "version": "0.9.4",
      "systems": {
        "aarch64-darwin": {
          "outputs": [
            {
              "name": "out",
              "path": "/nix/store/bb9qf25rnb6v1yk99kbpl3swianqy3sa-zoxide-0.9.4",
              "default": true
            }
          ],
          "store_path": "/nix/store/bb9qf25rnb6v1yk99kbpl3swianqy3sa-zoxide-0.9.4"
        },
        "aarch64-linux": {
          "outputs": [
            {
              "name": "out",
              "path": "/nix/store/rkcn9np7685q6xp5aag1lyyxn5xsrnr3-zoxide-0.9.4",
              "default": true
            }
          ],
          "store_path": "/nix/store/rkcn9np7685q6xp5aag1lyyxn5xsrnr3-zoxide-0.9.4"
        },
        "x86_64-darwin": {
          "outputs": [
            {
              "name": "out",
              "path": "/nix/store/jlpvxnmam5syxdhrq0glfqf13694fz8x-zoxide-0.9.4",
              "default": true
            }
          ],
          "store_path": "/nix/store/jlpvxnmam5syxdhrq0glfqf13694fz8x-zoxide-0.9.4"
        },
        "x86_64-linux": {
          "outputs": [
            {
              "name": "out",
              "path": "/nix/store/86ag65bw34mz1yi5b2llsdm7kh3561z5-zoxide-0.9.4",
              "default": true
            }
          ],
          "store_path": "/nix/store/86ag65bw34mz1yi5b2llsdm7kh3561z5-zoxide-0.9.4"
        }
      }
    },
    "zsh-autosuggestions@0.7.0": {
      "last_modified": "2024-09-10T15:01:03Z",
      "resolved": "github:NixOS/nixpkgs/5ed627539ac84809c78b2dd6d26a5cebeb5ae269#zsh-autosuggestions",
      "source": "devbox-search",
      "version": "0.7.0",
      "systems": {
        "aarch64-darwin": {
          "outputs": [
            {
              "name": "out",
              "path": "/nix/store/rk5kqcwplamghnn3hsljkbxxqrwdpz5m-zsh-autosuggestions-0.7.0",
              "default": true
            }
          ],
          "store_path": "/nix/store/rk5kqcwplamghnn3hsljkbxxqrwdpz5m-zsh-autosuggestions-0.7.0"
        },
        "aarch64-linux": {
          "outputs": [
            {
              "name": "out",
              "path": "/nix/store/0jdkmg2mynnszzr560s638qfcf8xkzy2-zsh-autosuggestions-0.7.0",
              "default": true
            }
          ],
          "store_path": "/nix/store/0jdkmg2mynnszzr560s638qfcf8xkzy2-zsh-autosuggestions-0.7.0"
        },
        "x86_64-darwin": {
          "outputs": [
            {
              "name": "out",
              "path": "/nix/store/dfms71vndv3w69d1vhhdap0rz3mhnfil-zsh-autosuggestions-0.7.0",
              "default": true
            }
          ],
          "store_path": "/nix/store/dfms71vndv3w69d1vhhdap0rz3mhnfil-zsh-autosuggestions-0.7.0"
        },
        "x86_64-linux": {
          "outputs": [
            {
              "name": "out",
              "path": "/nix/store/p4kk55fjxrfyah3r9c2l3aswagvqxpjg-zsh-autosuggestions-0.7.0",
              "default": true
            }
          ],
          "store_path": "/nix/store/p4kk55fjxrfyah3r9c2l3aswagvqxpjg-zsh-autosuggestions-0.7.0"
        }
      }
    },
    "zsh-syntax-highlighting@0.8.0": {
      "last_modified": "2024-09-10T15:01:03Z",
      "resolved": "github:NixOS/nixpkgs/5ed627539ac84809c78b2dd6d26a5cebeb5ae269#zsh-syntax-highlighting",
      "source": "devbox-search",
      "version": "0.8.0",
      "systems": {
        "aarch64-darwin": {
          "outputs": [
            {
              "name": "out",
              "path": "/nix/store/5l4n4ikqll1ysihdf25rwj6wd222bx62-zsh-syntax-highlighting-0.8.0",
              "default": true
            }
          ],
          "store_path": "/nix/store/5l4n4ikqll1ysihdf25rwj6wd222bx62-zsh-syntax-highlighting-0.8.0"
        },
        "aarch64-linux": {
          "outputs": [
            {
              "name": "out",
              "path": "/nix/store/76ak90m6cl7nha97hsfbkcrsx372d0gk-zsh-syntax-highlighting-0.8.0",
              "default": true
            }
          ],
          "store_path": "/nix/store/76ak90m6cl7nha97hsfbkcrsx372d0gk-zsh-syntax-highlighting-0.8.0"
        },
        "x86_64-darwin": {
          "outputs": [
            {
              "name": "out",
              "path": "/nix/store/y0ykgzjx4fsglqqq13bfimnccghf8pcd-zsh-syntax-highlighting-0.8.0",
              "default": true
            }
          ],
          "store_path": "/nix/store/y0ykgzjx4fsglqqq13bfimnccghf8pcd-zsh-syntax-highlighting-0.8.0"
        },
        "x86_64-linux": {
          "outputs": [
            {
              "name": "out",
              "path": "/nix/store/snk5f9agv9dwvda8k03pmsw9aqzfziff-zsh-syntax-highlighting-0.8.0",
              "default": true
            }
          ],
          "store_path": "/nix/store/snk5f9agv9dwvda8k03pmsw9aqzfziff-zsh-syntax-highlighting-0.8.0"
        }
      }
    },
    "zsh@5.9": {
      "last_modified": "2024-09-10T15:01:03Z",
      "resolved": "github:NixOS/nixpkgs/5ed627539ac84809c78b2dd6d26a5cebeb5ae269#zsh",
      "source": "devbox-search",
      "version": "5.9",
      "systems": {
        "aarch64-darwin": {
          "outputs": [
            {
              "name": "out",
              "path": "/nix/store/w53pgqwh5dm38skdd7n7wn0k6cw72jzj-zsh-5.9",
              "default": true
            },
            {
              "name": "man",
              "path": "/nix/store/ivjpgdkijmcfiyf6rh6vqwbvmz0zv5kg-zsh-5.9-man",
              "default": true
            },
            {
              "name": "doc",
              "path": "/nix/store/3xpx022gnm59aylly7s4liv9ibp67k7r-zsh-5.9-doc"
            },
            {
              "name": "info",
              "path": "/nix/store/qyqzqhxxkl1zyp4gg2vyp0k07irfdrmg-zsh-5.9-info"
            }
          ],
          "store_path": "/nix/store/w53pgqwh5dm38skdd7n7wn0k6cw72jzj-zsh-5.9"
        },
        "aarch64-linux": {
          "outputs": [
            {
              "name": "out",
              "path": "/nix/store/ywam1p5i6czh1vc9rdj5a0bj38nqb387-zsh-5.9",
              "default": true
            },
            {
              "name": "man",
              "path": "/nix/store/9xp2578845fwzagzz3x0pg08ikmmwxsc-zsh-5.9-man",
              "default": true
            },
            {
              "name": "doc",
              "path": "/nix/store/n15jm0mzhkbkwdw0yvsdyyq9b5djyfli-zsh-5.9-doc"
            },
            {
              "name": "info",
              "path": "/nix/store/95ck1qzwxs30s1knb4p1s6xlwggkfbfc-zsh-5.9-info"
            }
          ],
          "store_path": "/nix/store/ywam1p5i6czh1vc9rdj5a0bj38nqb387-zsh-5.9"
        },
        "x86_64-darwin": {
          "outputs": [
            {
              "name": "out",
              "path": "/nix/store/gb72pcjvmh5ddy56rww8h0fgmz9nak6l-zsh-5.9",
              "default": true
            },
            {
              "name": "man",
              "path": "/nix/store/bd48nra8n7bvms6gagq3m57l666bq8a1-zsh-5.9-man",
              "default": true
            },
            {
              "name": "doc",
              "path": "/nix/store/9ha47mxchz96485zlnsbk4m4n6hc7jyr-zsh-5.9-doc"
            },
            {
              "name": "info",
              "path": "/nix/store/ggl217nciwmp16yan27wr1dn2l95gizn-zsh-5.9-info"
            }
          ],
          "store_path": "/nix/store/gb72pcjvmh5ddy56rww8h0fgmz9nak6l-zsh-5.9"
        },
        "x86_64-linux": {
          "outputs": [
            {
              "name": "out",
              "path": "/nix/store/y6b258mhrmgn95cl2qzky2fblh9aswrj-zsh-5.9",
              "default": true
            },
            {
              "name": "man",
              "path": "/nix/store/fd7jcwcn81a632n6vhx903a3d7pg433a-zsh-5.9-man",
              "default": true
            },
            {
              "name": "doc",
              "path": "/nix/store/3jwy7hgqrkz1mvhhfgwpkww71bbp7pxg-zsh-5.9-doc"
            },
            {
              "name": "info",
              "path": "/nix/store/bmc8xd8qm2fr3vxclrqd9qqmirqx49x8-zsh-5.9-info"
            }
          ],
          "store_path": "/nix/store/y6b258mhrmgn95cl2qzky2fblh9aswrj-zsh-5.9"
        }
      }
    }
  }
}
